
Microsoft Visual Studio Solution File, Format Version 12.00
# Visual Studio Version 17
VisualStudioVersion = 17.8.34322.80
MinimumVisualStudioVersion = 10.0.40219.1
Project("{FAE04EC0-301F-11D3-BF4B-00C04F79EFBC}") = "JeremyMProject#4", "JeremyMProject#4\JeremyMProject#4.csproj", "{592CC337-7969-4CDE-A15F-F99B6D254F4B}"
EndProject
Global
	GlobalSection(SolutionConfigurationPlatforms) = preSolution
		Debug|Any CPU = Debug|Any CPU
		Release|Any CPU = Release|Any CPU
	EndGlobalSection
	GlobalSection(ProjectConfigurationPlatforms) = postSolution
		{592CC337-7969-4CDE-A15F-F99B6D254F4B}.Debug|Any CPU.ActiveCfg = Debug|Any CPU
		{592CC337-7969-4CDE-A15F-F99B6D254F4B}.Debug|Any CPU.Build.0 = Debug|Any CPU
		{592CC337-7969-4CDE-A15F-F99B6D254F4B}.Release|Any CPU.ActiveCfg = Release|Any CPU
		{592CC337-7969-4CDE-A15F-F99B6D254F4B}.Release|Any CPU.Build.0 = Release|Any CPU
	EndGlobalSection
	GlobalSection(SolutionProperties) = preSolution
		HideSolutionNode = FALSE
	EndGlobalSection
	GlobalSection(ExtensibilityGlobals) = postSolution
		SolutionGuid = {1BB4AB38-D149-4321-8E82-977C084D7909}
	EndGlobalSection
EndGlobal
